// !$*UTF8*$!
{
	archiveVersion = 1;
	classes = {
	};
	objectVersion = 50;
	objects = {

/* Begin PBXBuildFile section */
		0E867AB520F1DA93006A83CF /* AppDelegate.swift in Sources */ = {isa = PBXBuildFile; fileRef = 0E867AB420F1DA93006A83CF /* AppDelegate.swift */; };
		0E867AB720F1DA93006A83CF /* ViewController.swift in Sources */ = {isa = PBXBuildFile; fileRef = 0E867AB620F1DA93006A83CF /* ViewController.swift */; };
		0E867ABA20F1DA93006A83CF /* Main.storyboard in Resources */ = {isa = PBXBuildFile; fileRef = 0E867AB820F1DA93006A83CF /* Main.storyboard */; };
		0E867ABC20F1DA95006A83CF /* Assets.xcassets in Resources */ = {isa = PBXBuildFile; fileRef = 0E867ABB20F1DA95006A83CF /* Assets.xcassets */; };
		0E867ABF20F1DA95006A83CF /* LaunchScreen.storyboard in Resources */ = {isa = PBXBuildFile; fileRef = 0E867ABD20F1DA95006A83CF /* LaunchScreen.storyboard */; };
		0E867ACA20F1DA95006A83CF /* BurnAnimationTests.swift in Sources */ = {isa = PBXBuildFile; fileRef = 0E867AC920F1DA95006A83CF /* BurnAnimationTests.swift */; };
		0E867AD520F1DA95006A83CF /* BurnAnimationUITests.swift in Sources */ = {isa = PBXBuildFile; fileRef = 0E867AD420F1DA95006A83CF /* BurnAnimationUITests.swift */; };
		0E867AE720F1DB32006A83CF /* particle.png in Resources */ = {isa = PBXBuildFile; fileRef = 0E867AE420F1DB32006A83CF /* particle.png */; };
		0E867AE820F1DB32006A83CF /* particle1@2x.png in Resources */ = {isa = PBXBuildFile; fileRef = 0E867AE520F1DB32006A83CF /* particle1@2x.png */; };
		0E867AE920F1DB32006A83CF /* particle2@2x.png in Resources */ = {isa = PBXBuildFile; fileRef = 0E867AE620F1DB32006A83CF /* particle2@2x.png */; };
		0E867AEB20F1DB46006A83CF /* UIView+BurnAnimation.swift in Sources */ = {isa = PBXBuildFile; fileRef = 0E867AEA20F1DB46006A83CF /* UIView+BurnAnimation.swift */; };
		0E867AED20F1FAB9006A83CF /* test@2x.png in Resources */ = {isa = PBXBuildFile; fileRef = 0E867AEC20F1FAB9006A83CF /* test@2x.png */; };
/* End PBXBuildFile section */

/* Begin PBXContainerItemProxy section */
		0E867AC620F1DA95006A83CF /* PBXContainerItemProxy */ = {
			isa = PBXContainerItemProxy;
			containerPortal = 0E867AA920F1DA93006A83CF /* Project object */;
			proxyType = 1;
			remoteGlobalIDString = 0E867AB020F1DA93006A83CF;
			remoteInfo = BurnAnimation;
		};
		0E867AD120F1DA95006A83CF /* PBXContainerItemProxy */ = {
			isa = PBXContainerItemProxy;
			containerPortal = 0E867AA920F1DA93006A83CF /* Project object */;
			proxyType = 1;
			remoteGlobalIDString = 0E867AB020F1DA93006A83CF;
			remoteInfo = BurnAnimation;
		};
/* End PBXContainerItemProxy section */

/* Begin PBXFileReference section */
		0E867AB120F1DA93006A83CF /* BurnAnimation.app */ = {isa = PBXFileReference; explicitFileType = wrapper.application; includeInIndex = 0; path = BurnAnimation.app; sourceTree = BUILT_PRODUCTS_DIR; };
		0E867AB420F1DA93006A83CF /* AppDelegate.swift */ = {isa = PBXFileReference; lastKnownFileType = sourcecode.swift; path = AppDelegate.swift; sourceTree = "<group>"; };
		0E867AB620F1DA93006A83CF /* ViewController.swift */ = {isa = PBXFileReference; lastKnownFileType = sourcecode.swift; path = ViewController.swift; sourceTree = "<group>"; };
		0E867AB920F1DA93006A83CF /* Base */ = {isa = PBXFileReference; lastKnownFileType = file.storyboard; name = Base; path = Base.lproj/Main.storyboard; sourceTree = "<group>"; };
		0E867ABB20F1DA95006A83CF /* Assets.xcassets */ = {isa = PBXFileReference; lastKnownFileType = folder.assetcatalog; path = Assets.xcassets; sourceTree = "<group>"; };
		0E867ABE20F1DA95006A83CF /* Base */ = {isa = PBXFileReference; lastKnownFileType = file.storyboard; name = Base; path = Base.lproj/LaunchScreen.storyboard; sourceTree = "<group>"; };
		0E867AC020F1DA95006A83CF /* Info.plist */ = {isa = PBXFileReference; lastKnownFileType = text.plist.xml; path = Info.plist; sourceTree = "<group>"; };
		0E867AC520F1DA95006A83CF /* BurnAnimationTests.xctest */ = {isa = PBXFileReference; explicitFileType = wrapper.cfbundle; includeInIndex = 0; path = BurnAnimationTests.xctest; sourceTree = BUILT_PRODUCTS_DIR; };
		0E867AC920F1DA95006A83CF /* BurnAnimationTests.swift */ = {isa = PBXFileReference; lastKnownFileType = sourcecode.swift; path = BurnAnimationTests.swift; sourceTree = "<group>"; };
		0E867ACB20F1DA95006A83CF /* Info.plist */ = {isa = PBXFileReference; lastKnownFileType = text.plist.xml; path = Info.plist; sourceTree = "<group>"; };
		0E867AD020F1DA95006A83CF /* BurnAnimationUITests.xctest */ = {isa = PBXFileReference; explicitFileType = wrapper.cfbundle; includeInIndex = 0; path = BurnAnimationUITests.xctest; sourceTree = BUILT_PRODUCTS_DIR; };
		0E867AD420F1DA95006A83CF /* BurnAnimationUITests.swift */ = {isa = PBXFileReference; lastKnownFileType = sourcecode.swift; path = BurnAnimationUITests.swift; sourceTree = "<group>"; };
		0E867AD620F1DA95006A83CF /* Info.plist */ = {isa = PBXFileReference; lastKnownFileType = text.plist.xml; path = Info.plist; sourceTree = "<group>"; };
		0E867AE420F1DB32006A83CF /* particle.png */ = {isa = PBXFileReference; lastKnownFileType = image.png; path = particle.png; sourceTree = "<group>"; };
		0E867AE520F1DB32006A83CF /* particle1@2x.png */ = {isa = PBXFileReference; lastKnownFileType = image.png; path = "particle1@2x.png"; sourceTree = "<group>"; };
		0E867AE620F1DB32006A83CF /* particle2@2x.png */ = {isa = PBXFileReference; lastKnownFileType = image.png; path = "particle2@2x.png"; sourceTree = "<group>"; };
		0E867AEA20F1DB46006A83CF /* UIView+BurnAnimation.swift */ = {isa = PBXFileReference; lastKnownFileType = sourcecode.swift; path = "UIView+BurnAnimation.swift"; sourceTree = "<group>"; };
		0E867AEC20F1FAB9006A83CF /* test@2x.png */ = {isa = PBXFileReference; lastKnownFileType = image.png; path = "test@2x.png"; sourceTree = "<group>"; };
/* End PBXFileReference section */

/* Begin PBXFrameworksBuildPhase section */
		0E867AAE20F1DA93006A83CF /* Frameworks */ = {
			isa = PBXFrameworksBuildPhase;
			buildActionMask = 2147483647;
			files = (
			);
			runOnlyForDeploymentPostprocessing = 0;
		};
		0E867AC220F1DA95006A83CF /* Frameworks */ = {
			isa = PBXFrameworksBuildPhase;
			buildActionMask = 2147483647;
			files = (
			);
			runOnlyForDeploymentPostprocessing = 0;
		};
		0E867ACD20F1DA95006A83CF /* Frameworks */ = {
			isa = PBXFrameworksBuildPhase;
			buildActionMask = 2147483647;
			files = (
			);
			runOnlyForDeploymentPostprocessing = 0;
		};
/* End PBXFrameworksBuildPhase section */

/* Begin PBXGroup section */
		0E867AA820F1DA93006A83CF = {
			isa = PBXGroup;
			children = (
				0E867AB320F1DA93006A83CF /* BurnAnimation */,
				0E867AC820F1DA95006A83CF /* BurnAnimationTests */,
				0E867AD320F1DA95006A83CF /* BurnAnimationUITests */,
				0E867AB220F1DA93006A83CF /* Products */,
			);
			sourceTree = "<group>";
		};
		0E867AB220F1DA93006A83CF /* Products */ = {
			isa = PBXGroup;
			children = (
				0E867AB120F1DA93006A83CF /* BurnAnimation.app */,
				0E867AC520F1DA95006A83CF /* BurnAnimationTests.xctest */,
				0E867AD020F1DA95006A83CF /* BurnAnimationUITests.xctest */,
			);
			name = Products;
			sourceTree = "<group>";
		};
		0E867AB320F1DA93006A83CF /* BurnAnimation */ = {
			isa = PBXGroup;
			children = (
				0E867AEC20F1FAB9006A83CF /* test@2x.png */,
				0E867AE220F1DB32006A83CF /* UIView+BurnAnimation */,
				0E867AB420F1DA93006A83CF /* AppDelegate.swift */,
				0E867AB620F1DA93006A83CF /* ViewController.swift */,
				0E867AB820F1DA93006A83CF /* Main.storyboard */,
				0E867ABB20F1DA95006A83CF /* Assets.xcassets */,
				0E867ABD20F1DA95006A83CF /* LaunchScreen.storyboard */,
				0E867AC020F1DA95006A83CF /* Info.plist */,
			);
			path = BurnAnimation;
			sourceTree = "<group>";
		};
		0E867AC820F1DA95006A83CF /* BurnAnimationTests */ = {
			isa = PBXGroup;
			children = (
				0E867AC920F1DA95006A83CF /* BurnAnimationTests.swift */,
				0E867ACB20F1DA95006A83CF /* Info.plist */,
			);
			path = BurnAnimationTests;
			sourceTree = "<group>";
		};
		0E867AD320F1DA95006A83CF /* BurnAnimationUITests */ = {
			isa = PBXGroup;
			children = (
				0E867AD420F1DA95006A83CF /* BurnAnimationUITests.swift */,
				0E867AD620F1DA95006A83CF /* Info.plist */,
			);
			path = BurnAnimationUITests;
			sourceTree = "<group>";
		};
		0E867AE220F1DB32006A83CF /* UIView+BurnAnimation */ = {
			isa = PBXGroup;
			children = (
				0E867AE320F1DB32006A83CF /* Resource */,
				0E867AEA20F1DB46006A83CF /* UIView+BurnAnimation.swift */,
			);
			path = "UIView+BurnAnimation";
			sourceTree = "<group>";
		};
		0E867AE320F1DB32006A83CF /* Resource */ = {
			isa = PBXGroup;
			children = (
				0E867AE420F1DB32006A83CF /* particle.png */,
				0E867AE520F1DB32006A83CF /* particle1@2x.png */,
				0E867AE620F1DB32006A83CF /* particle2@2x.png */,
			);
			path = Resource;
			sourceTree = "<group>";
		};
/* End PBXGroup section */

/* Begin PBXNativeTarget section */
		0E867AB020F1DA93006A83CF /* BurnAnimation */ = {
			isa = PBXNativeTarget;
			buildConfigurationList = 0E867AD920F1DA95006A83CF /* Build configuration list for PBXNativeTarget "BurnAnimation" */;
			buildPhases = (
				0E867AAD20F1DA93006A83CF /* Sources */,
				0E867AAE20F1DA93006A83CF /* Frameworks */,
				0E867AAF20F1DA93006A83CF /* Resources */,
			);
			buildRules = (
			);
			dependencies = (
			);
			name = BurnAnimation;
			productName = BurnAnimation;
			productReference = 0E867AB120F1DA93006A83CF /* BurnAnimation.app */;
			productType = "com.apple.product-type.application";
		};
		0E867AC420F1DA95006A83CF /* BurnAnimationTests */ = {
			isa = PBXNativeTarget;
			buildConfigurationList = 0E867ADC20F1DA95006A83CF /* Build configuration list for PBXNativeTarget "BurnAnimationTests" */;
			buildPhases = (
				0E867AC120F1DA95006A83CF /* Sources */,
				0E867AC220F1DA95006A83CF /* Frameworks */,
				0E867AC320F1DA95006A83CF /* Resources */,
			);
			buildRules = (
			);
			dependencies = (
				0E867AC720F1DA95006A83CF /* PBXTargetDependency */,
			);
			name = BurnAnimationTests;
			productName = BurnAnimationTests;
			productReference = 0E867AC520F1DA95006A83CF /* BurnAnimationTests.xctest */;
			productType = "com.apple.product-type.bundle.unit-test";
		};
		0E867ACF20F1DA95006A83CF /* BurnAnimationUITests */ = {
			isa = PBXNativeTarget;
			buildConfigurationList = 0E867ADF20F1DA95006A83CF /* Build configuration list for PBXNativeTarget "BurnAnimationUITests" */;
			buildPhases = (
				0E867ACC20F1DA95006A83CF /* Sources */,
				0E867ACD20F1DA95006A83CF /* Frameworks */,
				0E867ACE20F1DA95006A83CF /* Resources */,
			);
			buildRules = (
			);
			dependencies = (
				0E867AD220F1DA95006A83CF /* PBXTargetDependency */,
			);
			name = BurnAnimationUITests;
			productName = BurnAnimationUITests;
			productReference = 0E867AD020F1DA95006A83CF /* BurnAnimationUITests.xctest */;
			productType = "com.apple.product-type.bundle.ui-testing";
		};
/* End PBXNativeTarget section */

/* Begin PBXProject section */
		0E867AA920F1DA93006A83CF /* Project object */ = {
			isa = PBXProject;
			attributes = {
				LastSwiftUpdateCheck = 0940;
				LastUpgradeCheck = 0940;
				ORGANIZATIONNAME = am10;
				TargetAttributes = {
					0E867AB020F1DA93006A83CF = {
						CreatedOnToolsVersion = 9.4.1;
					};
					0E867AC420F1DA95006A83CF = {
						CreatedOnToolsVersion = 9.4.1;
						TestTargetID = 0E867AB020F1DA93006A83CF;
					};
					0E867ACF20F1DA95006A83CF = {
						CreatedOnToolsVersion = 9.4.1;
						TestTargetID = 0E867AB020F1DA93006A83CF;
					};
				};
			};
			buildConfigurationList = 0E867AAC20F1DA93006A83CF /* Build configuration list for PBXProject "BurnAnimation" */;
			compatibilityVersion = "Xcode 9.3";
			developmentRegion = en;
			hasScannedForEncodings = 0;
			knownRegions = (
				en,
				Base,
			);
			mainGroup = 0E867AA820F1DA93006A83CF;
			productRefGroup = 0E867AB220F1DA93006A83CF /* Products */;
			projectDirPath = "";
			projectRoot = "";
			targets = (
				0E867AB020F1DA93006A83CF /* BurnAnimation */,
				0E867AC420F1DA95006A83CF /* BurnAnimationTests */,
				0E867ACF20F1DA95006A83CF /* BurnAnimationUITests */,
			);
		};
/* End PBXProject section */

/* Begin PBXResourcesBuildPhase section */
		0E867AAF20F1DA93006A83CF /* Resources */ = {
			isa = PBXResourcesBuildPhase;
			buildActionMask = 2147483647;
			files = (
				0E867ABF20F1DA95006A83CF /* LaunchScreen.storyboard in Resources */,
				0E867ABC20F1DA95006A83CF /* Assets.xcassets in Resources */,
				0E867AE820F1DB32006A83CF /* particle1@2x.png in Resources */,
				0E867ABA20F1DA93006A83CF /* Main.storyboard in Resources */,
				0E867AE720F1DB32006A83CF /* particle.png in Resources */,
				0E867AED20F1FAB9006A83CF /* test@2x.png in Resources */,
				0E867AE920F1DB32006A83CF /* particle2@2x.png in Resources */,
			);
			runOnlyForDeploymentPostprocessing = 0;
		};
		0E867AC320F1DA95006A83CF /* Resources */ = {
			isa = PBXResourcesBuildPhase;
			buildActionMask = 2147483647;
			files = (
			);
			runOnlyForDeploymentPostprocessing = 0;
		};
		0E867ACE20F1DA95006A83CF /* Resources */ = {
			isa = PBXResourcesBuildPhase;
			buildActionMask = 2147483647;
			files = (
			);
			runOnlyForDeploymentPostprocessing = 0;
		};
/* End PBXResourcesBuildPhase section */

/* Begin PBXSourcesBuildPhase section */
		0E867AAD20F1DA93006A83CF /* Sources */ = {
			isa = PBXSourcesBuildPhase;
			buildActionMask = 2147483647;
			files = (
				0E867AB720F1DA93006A83CF /* ViewController.swift in Sources */,
				0E867AEB20F1DB46006A83CF /* UIView+BurnAnimation.swift in Sources */,
				0E867AB520F1DA93006A83CF /* AppDelegate.swift in Sources */,
			);
			runOnlyForDeploymentPostprocessing = 0;
		};
		0E867AC120F1DA95006A83CF /* Sources */ = {
			isa = PBXSourcesBuildPhase;
			buildActionMask = 2147483647;
			files = (
				0E867ACA20F1DA95006A83CF /* BurnAnimationTests.swift in Sources */,
			);
			runOnlyForDeploymentPostprocessing = 0;
		};
		0E867ACC20F1DA95006A83CF /* Sources */ = {
			isa = PBXSourcesBuildPhase;
			buildActionMask = 2147483647;
			files = (
				0E867AD520F1DA95006A83CF /* BurnAnimationUITests.swift in Sources */,
			);
			runOnlyForDeploymentPostprocessing = 0;
		};
/* End PBXSourcesBuildPhase section */

/* Begin PBXTargetDependency section */
		0E867AC720F1DA95006A83CF /* PBXTargetDependency */ = {
			isa = PBXTargetDependency;
			target = 0E867AB020F1DA93006A83CF /* BurnAnimation */;
			targetProxy = 0E867AC620F1DA95006A83CF /* PBXContainerItemProxy */;
		};
		0E867AD220F1DA95006A83CF /* PBXTargetDependency */ = {
			isa = PBXTargetDependency;
			target = 0E867AB020F1DA93006A83CF /* BurnAnimation */;
			targetProxy = 0E867AD120F1DA95006A83CF /* PBXContainerItemProxy */;
		};
/* End PBXTargetDependency section */

/* Begin PBXVariantGroup section */
		0E867AB820F1DA93006A83CF /* Main.storyboard */ = {
			isa = PBXVariantGroup;
			children = (
				0E867AB920F1DA93006A83CF /* Base */,
			);
			name = Main.storyboard;
			sourceTree = "<group>";
		};
		0E867ABD20F1DA95006A83CF /* LaunchScreen.storyboard */ = {
			isa = PBXVariantGroup;
			children = (
				0E867ABE20F1DA95006A83CF /* Base */,
			);
			name = LaunchScreen.storyboard;
			sourceTree = "<group>";
		};
/* End PBXVariantGroup section */

/* Begin XCBuildConfiguration section */
		0E867AD720F1DA95006A83CF /* Debug */ = {
			isa = XCBuildConfiguration;
			buildSettings = {
				ALWAYS_SEARCH_USER_PATHS = NO;
				CLANG_ANALYZER_NONNULL = YES;
				CLANG_ANALYZER_NUMBER_OBJECT_CONVERSION = YES_AGGRESSIVE;
				CLANG_CXX_LANGUAGE_STANDARD = "gnu++14";
				CLANG_CXX_LIBRARY = "libc++";
				CLANG_ENABLE_MODULES = YES;
				CLANG_ENABLE_OBJC_ARC = YES;
				CLANG_ENABLE_OBJC_WEAK = YES;
				CLANG_WARN_BLOCK_CAPTURE_AUTORELEASING = YES;
				CLANG_WARN_BOOL_CONVERSION = YES;
				CLANG_WARN_COMMA = YES;
				CLANG_WARN_CONSTANT_CONVERSION = YES;
				CLANG_WARN_DEPRECATED_OBJC_IMPLEMENTATIONS = YES;
				CLANG_WARN_DIRECT_OBJC_ISA_USAGE = YES_ERROR;
				CLANG_WARN_DOCUMENTATION_COMMENTS = YES;
				CLANG_WARN_EMPTY_BODY = YES;
				CLANG_WARN_ENUM_CONVERSION = YES;
				CLANG_WARN_INFINITE_RECURSION = YES;
				CLANG_WARN_INT_CONVERSION = YES;
				CLANG_WARN_NON_LITERAL_NULL_CONVERSION = YES;
				CLANG_WARN_OBJC_IMPLICIT_RETAIN_SELF = YES;
				CLANG_WARN_OBJC_LITERAL_CONVERSION = YES;
				CLANG_WARN_OBJC_ROOT_CLASS = YES_ERROR;
				CLANG_WARN_RANGE_LOOP_ANALYSIS = YES;
				CLANG_WARN_STRICT_PROTOTYPES = YES;
				CLANG_WARN_SUSPICIOUS_MOVE = YES;
				CLANG_WARN_UNGUARDED_AVAILABILITY = YES_AGGRESSIVE;
				CLANG_WARN_UNREACHABLE_CODE = YES;
				CLANG_WARN__DUPLICATE_METHOD_MATCH = YES;
				CODE_SIGN_IDENTITY = "iPhone Developer";
				COPY_PHASE_STRIP = NO;
				DEBUG_INFORMATION_FORMAT = dwarf;
				ENABLE_STRICT_OBJC_MSGSEND = YES;
				ENABLE_TESTABILITY = YES;
				GCC_C_LANGUAGE_STANDARD = gnu11;
				GCC_DYNAMIC_NO_PIC = NO;
				GCC_NO_COMMON_BLOCKS = YES;
				GCC_OPTIMIZATION_LEVEL = 0;
				GCC_PREPROCESSOR_DEFINITIONS = (
					"DEBUG=1",
					"$(inherited)",
				);
				GCC_WARN_64_TO_32_BIT_CONVERSION = YES;
				GCC_WARN_ABOUT_RETURN_TYPE = YES_ERROR;
				GCC_WARN_UNDECLARED_SELECTOR = YES;
				GCC_WARN_UNINITIALIZED_AUTOS = YES_AGGRESSIVE;
				GCC_WARN_UNUSED_FUNCTION = YES;
				GCC_WARN_UNUSED_VARIABLE = YES;
				IPHONEOS_DEPLOYMENT_TARGET = 9.0;
				MTL_ENABLE_DEBUG_INFO = YES;
				ONLY_ACTIVE_ARCH = YES;
				SDKROOT = iphoneos;
				SWIFT_ACTIVE_COMPILATION_CONDITIONS = DEBUG;
				SWIFT_OPTIMIZATION_LEVEL = "-Onone";
			};
			name = Debug;
		};
		0E867AD820F1DA95006A83CF /* Release */ = {
			isa = XCBuildConfiguration;
			buildSettings = {
				ALWAYS_SEARCH_USER_PATHS = NO;
				CLANG_ANALYZER_NONNULL = YES;
				CLANG_ANALYZER_NUMBER_OBJECT_CONVERSION = YES_AGGRESSIVE;
				CLANG_CXX_LANGUAGE_STANDARD = "gnu++14";
				CLANG_CXX_LIBRARY = "libc++";
				CLANG_ENABLE_MODULES = YES;
				CLANG_ENABLE_OBJC_ARC = YES;
				CLANG_ENABLE_OBJC_WEAK = YES;
				CLANG_WARN_BLOCK_CAPTURE_AUTORELEASING = YES;
				CLANG_WARN_BOOL_CONVERSION = YES;
				CLANG_WARN_COMMA = YES;
				CLANG_WARN_CONSTANT_CONVERSION = YES;
				CLANG_WARN_DEPRECATED_OBJC_IMPLEMENTATIONS = YES;
				CLANG_WARN_DIRECT_OBJC_ISA_USAGE = YES_ERROR;
				CLANG_WARN_DOCUMENTATION_COMMENTS = YES;
				CLANG_WARN_EMPTY_BODY = YES;
				CLANG_WARN_ENUM_CONVERSION = YES;
				CLANG_WARN_INFINITE_RECURSION = YES;
				CLANG_WARN_INT_CONVERSION = YES;
				CLANG_WARN_NON_LITERAL_NULL_CONVERSION = YES;
				CLANG_WARN_OBJC_IMPLICIT_RETAIN_SELF = YES;
				CLANG_WARN_OBJC_LITERAL_CONVERSION = YES;
				CLANG_WARN_OBJC_ROOT_CLASS = YES_ERROR;
				CLANG_WARN_RANGE_LOOP_ANALYSIS = YES;
				CLANG_WARN_STRICT_PROTOTYPES = YES;
				CLANG_WARN_SUSPICIOUS_MOVE = YES;
				CLANG_WARN_UNGUARDED_AVAILABILITY = YES_AGGRESSIVE;
				CLANG_WARN_UNREACHABLE_CODE = YES;
				CLANG_WARN__DUPLICATE_METHOD_MATCH = YES;
				CODE_SIGN_IDENTITY = "iPhone Developer";
				COPY_PHASE_STRIP = NO;
				DEBUG_INFORMATION_FORMAT = "dwarf-with-dsym";
				ENABLE_NS_ASSERTIONS = NO;
				ENABLE_STRICT_OBJC_MSGSEND = YES;
				GCC_C_LANGUAGE_STANDARD = gnu11;
				GCC_NO_COMMON_BLOCKS = YES;
				GCC_WARN_64_TO_32_BIT_CONVERSION = YES;
				GCC_WARN_ABOUT_RETURN_TYPE = YES_ERROR;
				GCC_WARN_UNDECLARED_SELECTOR = YES;
				GCC_WARN_UNINITIALIZED_AUTOS = YES_AGGRESSIVE;
				GCC_WARN_UNUSED_FUNCTION = YES;
				GCC_WARN_UNUSED_VARIABLE = YES;
				IPHONEOS_DEPLOYMENT_TARGET = 9.0;
				MTL_ENABLE_DEBUG_INFO = NO;
				SDKROOT = iphoneos;
				SWIFT_COMPILATION_MODE = wholemodule;
				SWIFT_OPTIMIZATION_LEVEL = "-O";
				VALIDATE_PRODUCT = YES;
			};
			name = Release;
		};
		0E867ADA20F1DA95006A83CF /* Debug */ = {
			isa = XCBuildConfiguration;
			buildSettings = {
				ASSETCATALOG_COMPILER_APPICON_NAME = AppIcon;
				CODE_SIGN_STYLE = Automatic;
				DEVELOPMENT_TEAM = "";
				INFOPLIST_FILE = BurnAnimation/Info.plist;
				LD_RUNPATH_SEARCH_PATHS = (
					"$(inherited)",
					"@executable_path/Frameworks",
				);
				PRODUCT_BUNDLE_IDENTIFIER = am10.BurnAnimation;
				PRODUCT_NAME = "$(TARGET_NAME)";
				SWIFT_VERSION = 4.0;
				TARGETED_DEVICE_FAMILY = "1,2";
			};
			name = Debug;
		};
		0E867ADB20F1DA95006A83CF /* Release */ = {
			isa = XCBuildConfiguration;
			buildSettings = {
				ASSETCATALOG_COMPILER_APPICON_NAME = AppIcon;
				CODE_SIGN_STYLE = Automatic;
				DEVELOPMENT_TEAM = "";
				INFOPLIST_FILE = BurnAnimation/Info.plist;
				LD_RUNPATH_SEARCH_PATHS = (
					"$(inherited)",
					"@executable_path/Frameworks",
				);
				PRODUCT_BUNDLE_IDENTIFIER = am10.BurnAnimation;
				PRODUCT_NAME = "$(TARGET_NAME)";
				SWIFT_VERSION = 4.0;
				TARGETED_DEVICE_FAMILY = "1,2";
			};
			name = Release;
		};
		0E867ADD20F1DA95006A83CF /* Debug */ = {
			isa = XCBuildConfiguration;
			buildSettings = {
				ALWAYS_EMBED_SWIFT_STANDARD_LIBRARIES = YES;
				BUNDLE_LOADER = "$(TEST_HOST)";
				CODE_SIGN_STYLE = Automatic;
				DEVELOPMENT_TEAM = H5QW7TLM9U;
				INFOPLIST_FILE = BurnAnimationTests/Info.plist;
				LD_RUNPATH_SEARCH_PATHS = (
					"$(inherited)",
					"@executable_path/Frameworks",
					"@loader_path/Frameworks",
				);
				PRODUCT_BUNDLE_IDENTIFIER = am10.BurnAnimationTests;
				PRODUCT_NAME = "$(TARGET_NAME)";
				SWIFT_VERSION = 4.0;
				TARGETED_DEVICE_FAMILY = "1,2";
				TEST_HOST = "$(BUILT_PRODUCTS_DIR)/BurnAnimation.app/BurnAnimation";
			};
			name = Debug;
		};
		0E867ADE20F1DA95006A83CF /* Release */ = {
			isa = XCBuildConfiguration;
			buildSettings = {
				ALWAYS_EMBED_SWIFT_STANDARD_LIBRARIES = YES;
				BUNDLE_LOADER = "$(TEST_HOST)";
				CODE_SIGN_STYLE = Automatic;
				DEVELOPMENT_TEAM = H5QW7TLM9U;
				INFOPLIST_FILE = BurnAnimationTests/Info.plist;
				LD_RUNPATH_SEARCH_PATHS = (
					"$(inherited)",
					"@executable_path/Frameworks",
					"@loader_path/Frameworks",
				);
				PRODUCT_BUNDLE_IDENTIFIER = am10.BurnAnimationTests;
				PRODUCT_NAME = "$(TARGET_NAME)";
				SWIFT_VERSION = 4.0;
				TARGETED_DEVICE_FAMILY = "1,2";
				TEST_HOST = "$(BUILT_PRODUCTS_DIR)/BurnAnimation.app/BurnAnimation";
			};
			name = Release;
		};
		0E867AE020F1DA95006A83CF /* Debug */ = {
			isa = XCBuildConfiguration;
			buildSettings = {
				ALWAYS_EMBED_SWIFT_STANDARD_LIBRARIES = YES;
				CODE_SIGN_STYLE = Automatic;
				DEVELOPMENT_TEAM = H5QW7TLM9U;
				INFOPLIST_FILE = BurnAnimationUITests/Info.plist;
				LD_RUNPATH_SEARCH_PATHS = (
					"$(inherited)",
					"@executable_path/Frameworks",
					"@loader_path/Frameworks",
				);
				PRODUCT_BUNDLE_IDENTIFIER = am10.BurnAnimationUITests;
				PRODUCT_NAME = "$(TARGET_NAME)";
				SWIFT_VERSION = 4.0;
				TARGETED_DEVICE_FAMILY = "1,2";
				TEST_TARGET_NAME = BurnAnimation;
			};
			name = Debug;
		};
		0E867AE120F1DA95006A83CF /* Release */ = {
			isa = XCBuildConfiguration;
			buildSettings = {
				ALWAYS_EMBED_SWIFT_STANDARD_LIBRARIES = YES;
				CODE_SIGN_STYLE = Automatic;
				DEVELOPMENT_TEAM = H5QW7TLM9U;
				INFOPLIST_FILE = BurnAnimationUITests/Info.plist;
				LD_RUNPATH_SEARCH_PATHS = (
					"$(inherited)",
					"@executable_path/Frameworks",
					"@loader_path/Frameworks",
				);
				PRODUCT_BUNDLE_IDENTIFIER = am10.BurnAnimationUITests;
				PRODUCT_NAME = "$(TARGET_NAME)";
				SWIFT_VERSION = 4.0;
				TARGETED_DEVICE_FAMILY = "1,2";
				TEST_TARGET_NAME = BurnAnimation;
			};
			name = Release;
		};
/* End XCBuildConfiguration section */

/* Begin XCConfigurationList section */
		0E867AAC20F1DA93006A83CF /* Build configuration list for PBXProject "BurnAnimation" */ = {
			isa = XCConfigurationList;
			buildConfigurations = (
				0E867AD720F1DA95006A83CF /* Debug */,
				0E867AD820F1DA95006A83CF /* Release */,
			);
			defaultConfigurationIsVisible = 0;
			defaultConfigurationName = Release;
		};
		0E867AD920F1DA95006A83CF /* Build configuration list for PBXNativeTarget "BurnAnimation" */ = {
			isa = XCConfigurationList;
			buildConfigurations = (
				0E867ADA20F1DA95006A83CF /* Debug */,
				0E867ADB20F1DA95006A83CF /* Release */,
			);
			defaultConfigurationIsVisible = 0;
			defaultConfigurationName = Release;
		};
		0E867ADC20F1DA95006A83CF /* Build configuration list for PBXNativeTarget "BurnAnimationTests" */ = {
			isa = XCConfigurationList;
			buildConfigurations = (
				0E867ADD20F1DA95006A83CF /* Debug */,
				0E867ADE20F1DA95006A83CF /* Release */,
			);
			defaultConfigurationIsVisible = 0;
			defaultConfigurationName = Release;
		};
		0E867ADF20F1DA95006A83CF /* Build configuration list for PBXNativeTarget "BurnAnimationUITests" */ = {
			isa = XCConfigurationList;
			buildConfigurations = (
				0E867AE020F1DA95006A83CF /* Debug */,
				0E867AE120F1DA95006A83CF /* Release */,
			);
			defaultConfigurationIsVisible = 0;
			defaultConfigurationName = Release;
		};
/* End XCConfigurationList section */
	};
	rootObject = 0E867AA920F1DA93006A83CF /* Project object */;
}
